// !$*UTF8*$!
{
	archiveVersion = 1;
	classes = {
	};
	objectVersion = 46;
	objects = {

/* Begin PBXBuildFile section */
		0F0A60BC2EC39F2232188B24 /* Pods_ParkItForward.framework in Frameworks */ = {isa = PBXBuildFile; fileRef = 704103F30445CBADA89A31F5 /* Pods_ParkItForward.framework */; };
		44859AFE1ECD48C500C7DB80 /* LogInViewController.m in Sources */ = {isa = PBXBuildFile; fileRef = 44859AFC1ECD48C500C7DB80 /* LogInViewController.m */; };
		44859AFF1ECD48C500C7DB80 /* LogInViewController.xib in Resources */ = {isa = PBXBuildFile; fileRef = 44859AFD1ECD48C500C7DB80 /* LogInViewController.xib */; };
		44859B041ECD4E7400C7DB80 /* CalendarViewController.m in Sources */ = {isa = PBXBuildFile; fileRef = 44859B021ECD4E7400C7DB80 /* CalendarViewController.m */; };
		44859B051ECD4E7400C7DB80 /* CalendarViewController.xib in Resources */ = {isa = PBXBuildFile; fileRef = 44859B031ECD4E7400C7DB80 /* CalendarViewController.xib */; };
		44859B0A1ECD4E9500C7DB80 /* ConfirmationViewController.m in Sources */ = {isa = PBXBuildFile; fileRef = 44859B081ECD4E9500C7DB80 /* ConfirmationViewController.m */; };
		44859B0B1ECD4E9500C7DB80 /* ConfirmationViewController.xib in Resources */ = {isa = PBXBuildFile; fileRef = 44859B091ECD4E9500C7DB80 /* ConfirmationViewController.xib */; };
		44859B101ECD4EB600C7DB80 /* RegistrationViewController.m in Sources */ = {isa = PBXBuildFile; fileRef = 44859B0E1ECD4EB600C7DB80 /* RegistrationViewController.m */; };
		44859B111ECD4EB600C7DB80 /* RegistrationViewController.xib in Resources */ = {isa = PBXBuildFile; fileRef = 44859B0F1ECD4EB600C7DB80 /* RegistrationViewController.xib */; };
		44859B1C1ECD5EE300C7DB80 /* TodayNavigationViewController.m in Sources */ = {isa = PBXBuildFile; fileRef = 44859B1A1ECD5EE300C7DB80 /* TodayNavigationViewController.m */; };
		44859B1D1ECD5EE300C7DB80 /* TodayNavigationViewController.xib in Resources */ = {isa = PBXBuildFile; fileRef = 44859B1B1ECD5EE300C7DB80 /* TodayNavigationViewController.xib */; };
		44859B221ECD5F5F00C7DB80 /* TodayViewController.m in Sources */ = {isa = PBXBuildFile; fileRef = 44859B201ECD5F5F00C7DB80 /* TodayViewController.m */; };
		44859B231ECD5F5F00C7DB80 /* TodayViewController.xib in Resources */ = {isa = PBXBuildFile; fileRef = 44859B211ECD5F5F00C7DB80 /* TodayViewController.xib */; };
		C55A08F11ECD702500EA09E3 /* TodayCell.m in Sources */ = {isa = PBXBuildFile; fileRef = C55A08EF1ECD702500EA09E3 /* TodayCell.m */; };
		C55A08F21ECD702500EA09E3 /* TodayCell.xib in Resources */ = {isa = PBXBuildFile; fileRef = C55A08F01ECD702500EA09E3 /* TodayCell.xib */; };
		C5CF861F1ECD3D0F00888D91 /* main.m in Sources */ = {isa = PBXBuildFile; fileRef = C5CF861E1ECD3D0F00888D91 /* main.m */; };
		C5CF86221ECD3D0F00888D91 /* AppDelegate.m in Sources */ = {isa = PBXBuildFile; fileRef = C5CF86211ECD3D0F00888D91 /* AppDelegate.m */; };
		C5CF86251ECD3D0F00888D91 /* ViewController.m in Sources */ = {isa = PBXBuildFile; fileRef = C5CF86241ECD3D0F00888D91 /* ViewController.m */; };
		C5CF862A1ECD3D0F00888D91 /* Assets.xcassets in Resources */ = {isa = PBXBuildFile; fileRef = C5CF86291ECD3D0F00888D91 /* Assets.xcassets */; };
		C5CF862D1ECD3D0F00888D91 /* LaunchScreen.storyboard in Resources */ = {isa = PBXBuildFile; fileRef = C5CF862B1ECD3D0F00888D91 /* LaunchScreen.storyboard */; };
		C5CF86381ECD3D0F00888D91 /* ParkItForwardTests.m in Sources */ = {isa = PBXBuildFile; fileRef = C5CF86371ECD3D0F00888D91 /* ParkItForwardTests.m */; };
		C5CF86431ECD3D0F00888D91 /* ParkItForwardUITests.m in Sources */ = {isa = PBXBuildFile; fileRef = C5CF86421ECD3D0F00888D91 /* ParkItForwardUITests.m */; };
		EC7EFD6A1ECDB18900852D0D /* ParkingEventModel.m in Sources */ = {isa = PBXBuildFile; fileRef = EC7EFD691ECDB18900852D0D /* ParkingEventModel.m */; };
		EC7EFD6D1ECDB1A700852D0D /* UserModel.m in Sources */ = {isa = PBXBuildFile; fileRef = EC7EFD6C1ECDB1A700852D0D /* UserModel.m */; };
		EC7EFD751ECDBBD300852D0D /* DataProvider.m in Sources */ = {isa = PBXBuildFile; fileRef = EC7EFD741ECDBBD300852D0D /* DataProvider.m */; };
/* End PBXBuildFile section */

/* Begin PBXContainerItemProxy section */
		C5CF86341ECD3D0F00888D91 /* PBXContainerItemProxy */ = {
			isa = PBXContainerItemProxy;
			containerPortal = C5CF86121ECD3D0F00888D91 /* Project object */;
			proxyType = 1;
			remoteGlobalIDString = C5CF86191ECD3D0F00888D91;
			remoteInfo = ParkItForward;
		};
		C5CF863F1ECD3D0F00888D91 /* PBXContainerItemProxy */ = {
			isa = PBXContainerItemProxy;
			containerPortal = C5CF86121ECD3D0F00888D91 /* Project object */;
			proxyType = 1;
			remoteGlobalIDString = C5CF86191ECD3D0F00888D91;
			remoteInfo = ParkItForward;
		};
/* End PBXContainerItemProxy section */

/* Begin PBXFileReference section */
		04E970432C10C491132BCFAB /* Pods-ParkItForward.release.xcconfig */ = {isa = PBXFileReference; includeInIndex = 1; lastKnownFileType = text.xcconfig; name = "Pods-ParkItForward.release.xcconfig"; path = "Pods/Target Support Files/Pods-ParkItForward/Pods-ParkItForward.release.xcconfig"; sourceTree = "<group>"; };
		44859AFB1ECD48C500C7DB80 /* LogInViewController.h */ = {isa = PBXFileReference; fileEncoding = 4; lastKnownFileType = sourcecode.c.h; path = LogInViewController.h; sourceTree = "<group>"; };
		44859AFC1ECD48C500C7DB80 /* LogInViewController.m */ = {isa = PBXFileReference; fileEncoding = 4; lastKnownFileType = sourcecode.c.objc; path = LogInViewController.m; sourceTree = "<group>"; };
		44859AFD1ECD48C500C7DB80 /* LogInViewController.xib */ = {isa = PBXFileReference; fileEncoding = 4; lastKnownFileType = file.xib; path = LogInViewController.xib; sourceTree = "<group>"; };
		44859B011ECD4E7400C7DB80 /* CalendarViewController.h */ = {isa = PBXFileReference; fileEncoding = 4; lastKnownFileType = sourcecode.c.h; path = CalendarViewController.h; sourceTree = "<group>"; };
		44859B021ECD4E7400C7DB80 /* CalendarViewController.m */ = {isa = PBXFileReference; fileEncoding = 4; lastKnownFileType = sourcecode.c.objc; path = CalendarViewController.m; sourceTree = "<group>"; };
		44859B031ECD4E7400C7DB80 /* CalendarViewController.xib */ = {isa = PBXFileReference; fileEncoding = 4; lastKnownFileType = file.xib; path = CalendarViewController.xib; sourceTree = "<group>"; };
		44859B071ECD4E9500C7DB80 /* ConfirmationViewController.h */ = {isa = PBXFileReference; fileEncoding = 4; lastKnownFileType = sourcecode.c.h; path = ConfirmationViewController.h; sourceTree = "<group>"; };
		44859B081ECD4E9500C7DB80 /* ConfirmationViewController.m */ = {isa = PBXFileReference; fileEncoding = 4; lastKnownFileType = sourcecode.c.objc; path = ConfirmationViewController.m; sourceTree = "<group>"; };
		44859B091ECD4E9500C7DB80 /* ConfirmationViewController.xib */ = {isa = PBXFileReference; fileEncoding = 4; lastKnownFileType = file.xib; path = ConfirmationViewController.xib; sourceTree = "<group>"; };
		44859B0D1ECD4EB600C7DB80 /* RegistrationViewController.h */ = {isa = PBXFileReference; fileEncoding = 4; lastKnownFileType = sourcecode.c.h; path = RegistrationViewController.h; sourceTree = "<group>"; };
		44859B0E1ECD4EB600C7DB80 /* RegistrationViewController.m */ = {isa = PBXFileReference; fileEncoding = 4; lastKnownFileType = sourcecode.c.objc; path = RegistrationViewController.m; sourceTree = "<group>"; };
		44859B0F1ECD4EB600C7DB80 /* RegistrationViewController.xib */ = {isa = PBXFileReference; fileEncoding = 4; lastKnownFileType = file.xib; path = RegistrationViewController.xib; sourceTree = "<group>"; };
		44859B191ECD5EE300C7DB80 /* TodayNavigationViewController.h */ = {isa = PBXFileReference; fileEncoding = 4; lastKnownFileType = sourcecode.c.h; path = TodayNavigationViewController.h; sourceTree = "<group>"; };
		44859B1A1ECD5EE300C7DB80 /* TodayNavigationViewController.m */ = {isa = PBXFileReference; fileEncoding = 4; lastKnownFileType = sourcecode.c.objc; path = TodayNavigationViewController.m; sourceTree = "<group>"; };
		44859B1B1ECD5EE300C7DB80 /* TodayNavigationViewController.xib */ = {isa = PBXFileReference; fileEncoding = 4; lastKnownFileType = file.xib; path = TodayNavigationViewController.xib; sourceTree = "<group>"; };
		44859B1F1ECD5F5F00C7DB80 /* TodayViewController.h */ = {isa = PBXFileReference; fileEncoding = 4; lastKnownFileType = sourcecode.c.h; path = TodayViewController.h; sourceTree = "<group>"; };
		44859B201ECD5F5F00C7DB80 /* TodayViewController.m */ = {isa = PBXFileReference; fileEncoding = 4; lastKnownFileType = sourcecode.c.objc; path = TodayViewController.m; sourceTree = "<group>"; };
		44859B211ECD5F5F00C7DB80 /* TodayViewController.xib */ = {isa = PBXFileReference; fileEncoding = 4; lastKnownFileType = file.xib; path = TodayViewController.xib; sourceTree = "<group>"; };
		704103F30445CBADA89A31F5 /* Pods_ParkItForward.framework */ = {isa = PBXFileReference; explicitFileType = wrapper.framework; includeInIndex = 0; path = Pods_ParkItForward.framework; sourceTree = BUILT_PRODUCTS_DIR; };
		A3D3C978B4147E192738F787 /* Pods-ParkItForward.debug.xcconfig */ = {isa = PBXFileReference; includeInIndex = 1; lastKnownFileType = text.xcconfig; name = "Pods-ParkItForward.debug.xcconfig"; path = "Pods/Target Support Files/Pods-ParkItForward/Pods-ParkItForward.debug.xcconfig"; sourceTree = "<group>"; };
		C55A08EE1ECD702500EA09E3 /* TodayCell.h */ = {isa = PBXFileReference; fileEncoding = 4; lastKnownFileType = sourcecode.c.h; name = TodayCell.h; path = Cells/TodayCell.h; sourceTree = "<group>"; };
		C55A08EF1ECD702500EA09E3 /* TodayCell.m */ = {isa = PBXFileReference; fileEncoding = 4; lastKnownFileType = sourcecode.c.objc; name = TodayCell.m; path = Cells/TodayCell.m; sourceTree = "<group>"; };
		C55A08F01ECD702500EA09E3 /* TodayCell.xib */ = {isa = PBXFileReference; fileEncoding = 4; lastKnownFileType = file.xib; name = TodayCell.xib; path = Cells/TodayCell.xib; sourceTree = "<group>"; };
		C5CF861A1ECD3D0F00888D91 /* ParkItForward.app */ = {isa = PBXFileReference; explicitFileType = wrapper.application; includeInIndex = 0; path = ParkItForward.app; sourceTree = BUILT_PRODUCTS_DIR; };
		C5CF861E1ECD3D0F00888D91 /* main.m */ = {isa = PBXFileReference; lastKnownFileType = sourcecode.c.objc; path = main.m; sourceTree = "<group>"; };
		C5CF86201ECD3D0F00888D91 /* AppDelegate.h */ = {isa = PBXFileReference; lastKnownFileType = sourcecode.c.h; path = AppDelegate.h; sourceTree = "<group>"; };
		C5CF86211ECD3D0F00888D91 /* AppDelegate.m */ = {isa = PBXFileReference; lastKnownFileType = sourcecode.c.objc; path = AppDelegate.m; sourceTree = "<group>"; };
		C5CF86231ECD3D0F00888D91 /* ViewController.h */ = {isa = PBXFileReference; lastKnownFileType = sourcecode.c.h; path = ViewController.h; sourceTree = "<group>"; };
		C5CF86241ECD3D0F00888D91 /* ViewController.m */ = {isa = PBXFileReference; lastKnownFileType = sourcecode.c.objc; path = ViewController.m; sourceTree = "<group>"; };
		C5CF86291ECD3D0F00888D91 /* Assets.xcassets */ = {isa = PBXFileReference; lastKnownFileType = folder.assetcatalog; path = Assets.xcassets; sourceTree = "<group>"; };
		C5CF862C1ECD3D0F00888D91 /* Base */ = {isa = PBXFileReference; lastKnownFileType = file.storyboard; name = Base; path = Base.lproj/LaunchScreen.storyboard; sourceTree = "<group>"; };
		C5CF862E1ECD3D0F00888D91 /* Info.plist */ = {isa = PBXFileReference; lastKnownFileType = text.plist.xml; path = Info.plist; sourceTree = "<group>"; };
		C5CF86331ECD3D0F00888D91 /* ParkItForwardTests.xctest */ = {isa = PBXFileReference; explicitFileType = wrapper.cfbundle; includeInIndex = 0; path = ParkItForwardTests.xctest; sourceTree = BUILT_PRODUCTS_DIR; };
		C5CF86371ECD3D0F00888D91 /* ParkItForwardTests.m */ = {isa = PBXFileReference; lastKnownFileType = sourcecode.c.objc; path = ParkItForwardTests.m; sourceTree = "<group>"; };
		C5CF86391ECD3D0F00888D91 /* Info.plist */ = {isa = PBXFileReference; lastKnownFileType = text.plist.xml; path = Info.plist; sourceTree = "<group>"; };
		C5CF863E1ECD3D0F00888D91 /* ParkItForwardUITests.xctest */ = {isa = PBXFileReference; explicitFileType = wrapper.cfbundle; includeInIndex = 0; path = ParkItForwardUITests.xctest; sourceTree = BUILT_PRODUCTS_DIR; };
		C5CF86421ECD3D0F00888D91 /* ParkItForwardUITests.m */ = {isa = PBXFileReference; lastKnownFileType = sourcecode.c.objc; path = ParkItForwardUITests.m; sourceTree = "<group>"; };
		C5CF86441ECD3D0F00888D91 /* Info.plist */ = {isa = PBXFileReference; lastKnownFileType = text.plist.xml; path = Info.plist; sourceTree = "<group>"; };
		EC7EFD681ECDB18900852D0D /* ParkingEventModel.h */ = {isa = PBXFileReference; fileEncoding = 4; lastKnownFileType = sourcecode.c.h; path = ParkingEventModel.h; sourceTree = "<group>"; };
		EC7EFD691ECDB18900852D0D /* ParkingEventModel.m */ = {isa = PBXFileReference; fileEncoding = 4; lastKnownFileType = sourcecode.c.objc; path = ParkingEventModel.m; sourceTree = "<group>"; };
		EC7EFD6B1ECDB1A700852D0D /* UserModel.h */ = {isa = PBXFileReference; fileEncoding = 4; lastKnownFileType = sourcecode.c.h; path = UserModel.h; sourceTree = "<group>"; };
		EC7EFD6C1ECDB1A700852D0D /* UserModel.m */ = {isa = PBXFileReference; fileEncoding = 4; lastKnownFileType = sourcecode.c.objc; path = UserModel.m; sourceTree = "<group>"; };
		EC7EFD731ECDBBD300852D0D /* DataProvider.h */ = {isa = PBXFileReference; fileEncoding = 4; lastKnownFileType = sourcecode.c.h; path = DataProvider.h; sourceTree = "<group>"; };
		EC7EFD741ECDBBD300852D0D /* DataProvider.m */ = {isa = PBXFileReference; fileEncoding = 4; lastKnownFileType = sourcecode.c.objc; path = DataProvider.m; sourceTree = "<group>"; };
/* End PBXFileReference section */

/* Begin PBXFrameworksBuildPhase section */
		C5CF86171ECD3D0F00888D91 /* Frameworks */ = {
			isa = PBXFrameworksBuildPhase;
			buildActionMask = 2147483647;
			files = (
				0F0A60BC2EC39F2232188B24 /* Pods_ParkItForward.framework in Frameworks */,
			);
			runOnlyForDeploymentPostprocessing = 0;
		};
		C5CF86301ECD3D0F00888D91 /* Frameworks */ = {
			isa = PBXFrameworksBuildPhase;
			buildActionMask = 2147483647;
			files = (
			);
			runOnlyForDeploymentPostprocessing = 0;
		};
		C5CF863B1ECD3D0F00888D91 /* Frameworks */ = {
			isa = PBXFrameworksBuildPhase;
			buildActionMask = 2147483647;
			files = (
			);
			runOnlyForDeploymentPostprocessing = 0;
		};
/* End PBXFrameworksBuildPhase section */

/* Begin PBXGroup section */
		44859AF61ECD47FA00C7DB80 /* Classes */ = {
			isa = PBXGroup;
			children = (
				EC7EFD6E1ECDB8D000852D0D /* Managers */,
				EC7EFD651ECDB13E00852D0D /* Models */,
				44859AF71ECD47FA00C7DB80 /* Controllers */,
				44859AF91ECD47FA00C7DB80 /* Views */,
			);
			path = Classes;
			sourceTree = "<group>";
		};
		44859AF71ECD47FA00C7DB80 /* Controllers */ = {
			isa = PBXGroup;
			children = (
				44859B1E1ECD5F5400C7DB80 /* TodayViewController */,
				44859B181ECD5EE300C7DB80 /* TodayNavigationViewController */,
				44859B0C1ECD4EAA00C7DB80 /* RegistrationViewController */,
				44859B061ECD4E8800C7DB80 /* ConfirmationViewController */,
				44859B001ECD4E6500C7DB80 /* CalendarViewController */,
				44859AFA1ECD48AE00C7DB80 /* LogInViewController */,
			);
			path = Controllers;
			sourceTree = "<group>";
		};
		44859AF91ECD47FA00C7DB80 /* Views */ = {
			isa = PBXGroup;
			children = (
				C55A08E11ECD6D2E00EA09E3 /* Cells */,
			);
			path = Views;
			sourceTree = "<group>";
		};
		44859AFA1ECD48AE00C7DB80 /* LogInViewController */ = {
			isa = PBXGroup;
			children = (
				44859AFB1ECD48C500C7DB80 /* LogInViewController.h */,
				44859AFC1ECD48C500C7DB80 /* LogInViewController.m */,
				44859AFD1ECD48C500C7DB80 /* LogInViewController.xib */,
			);
			path = LogInViewController;
			sourceTree = "<group>";
		};
		44859B001ECD4E6500C7DB80 /* CalendarViewController */ = {
			isa = PBXGroup;
			children = (
				44859B011ECD4E7400C7DB80 /* CalendarViewController.h */,
				44859B021ECD4E7400C7DB80 /* CalendarViewController.m */,
				44859B031ECD4E7400C7DB80 /* CalendarViewController.xib */,
			);
			path = CalendarViewController;
			sourceTree = "<group>";
		};
		44859B061ECD4E8800C7DB80 /* ConfirmationViewController */ = {
			isa = PBXGroup;
			children = (
				44859B071ECD4E9500C7DB80 /* ConfirmationViewController.h */,
				44859B081ECD4E9500C7DB80 /* ConfirmationViewController.m */,
				44859B091ECD4E9500C7DB80 /* ConfirmationViewController.xib */,
			);
			path = ConfirmationViewController;
			sourceTree = "<group>";
		};
		44859B0C1ECD4EAA00C7DB80 /* RegistrationViewController */ = {
			isa = PBXGroup;
			children = (
				44859B0D1ECD4EB600C7DB80 /* RegistrationViewController.h */,
				44859B0E1ECD4EB600C7DB80 /* RegistrationViewController.m */,
				44859B0F1ECD4EB600C7DB80 /* RegistrationViewController.xib */,
			);
			path = RegistrationViewController;
			sourceTree = "<group>";
		};
		44859B181ECD5EE300C7DB80 /* TodayNavigationViewController */ = {
			isa = PBXGroup;
			children = (
				44859B191ECD5EE300C7DB80 /* TodayNavigationViewController.h */,
				44859B1A1ECD5EE300C7DB80 /* TodayNavigationViewController.m */,
				44859B1B1ECD5EE300C7DB80 /* TodayNavigationViewController.xib */,
			);
			path = TodayNavigationViewController;
			sourceTree = "<group>";
		};
		44859B1E1ECD5F5400C7DB80 /* TodayViewController */ = {
			isa = PBXGroup;
			children = (
				44859B1F1ECD5F5F00C7DB80 /* TodayViewController.h */,
				44859B201ECD5F5F00C7DB80 /* TodayViewController.m */,
				44859B211ECD5F5F00C7DB80 /* TodayViewController.xib */,
			);
			path = TodayViewController;
			sourceTree = "<group>";
		};
		4656637972FDE7980928932E /* Pods */ = {
			isa = PBXGroup;
			children = (
				A3D3C978B4147E192738F787 /* Pods-ParkItForward.debug.xcconfig */,
				04E970432C10C491132BCFAB /* Pods-ParkItForward.release.xcconfig */,
			);
			name = Pods;
			sourceTree = "<group>";
		};
		5CA3C9236C51AEB35469346D /* Frameworks */ = {
			isa = PBXGroup;
			children = (
				704103F30445CBADA89A31F5 /* Pods_ParkItForward.framework */,
			);
			name = Frameworks;
			sourceTree = "<group>";
		};
		C55A08E11ECD6D2E00EA09E3 /* Cells */ = {
			isa = PBXGroup;
			children = (
				C55A08EE1ECD702500EA09E3 /* TodayCell.h */,
				C55A08EF1ECD702500EA09E3 /* TodayCell.m */,
				C55A08F01ECD702500EA09E3 /* TodayCell.xib */,
			);
			name = Cells;
			sourceTree = "<group>";
		};
		C5CF86111ECD3D0F00888D91 = {
			isa = PBXGroup;
			children = (
				C5CF861C1ECD3D0F00888D91 /* ParkItForward */,
				C5CF86361ECD3D0F00888D91 /* ParkItForwardTests */,
				C5CF86411ECD3D0F00888D91 /* ParkItForwardUITests */,
				C5CF861B1ECD3D0F00888D91 /* Products */,
				4656637972FDE7980928932E /* Pods */,
				5CA3C9236C51AEB35469346D /* Frameworks */,
			);
			sourceTree = "<group>";
		};
		C5CF861B1ECD3D0F00888D91 /* Products */ = {
			isa = PBXGroup;
			children = (
				C5CF861A1ECD3D0F00888D91 /* ParkItForward.app */,
				C5CF86331ECD3D0F00888D91 /* ParkItForwardTests.xctest */,
				C5CF863E1ECD3D0F00888D91 /* ParkItForwardUITests.xctest */,
			);
			name = Products;
			sourceTree = "<group>";
		};
		C5CF861C1ECD3D0F00888D91 /* ParkItForward */ = {
			isa = PBXGroup;
			children = (
				44859AF61ECD47FA00C7DB80 /* Classes */,
				C5CF86201ECD3D0F00888D91 /* AppDelegate.h */,
				C5CF86211ECD3D0F00888D91 /* AppDelegate.m */,
				C5CF86231ECD3D0F00888D91 /* ViewController.h */,
				C5CF86241ECD3D0F00888D91 /* ViewController.m */,
				C5CF86291ECD3D0F00888D91 /* Assets.xcassets */,
				C5CF862B1ECD3D0F00888D91 /* LaunchScreen.storyboard */,
				C5CF862E1ECD3D0F00888D91 /* Info.plist */,
				C5CF861D1ECD3D0F00888D91 /* Supporting Files */,
			);
			path = ParkItForward;
			sourceTree = "<group>";
		};
		C5CF861D1ECD3D0F00888D91 /* Supporting Files */ = {
			isa = PBXGroup;
			children = (
				C5CF861E1ECD3D0F00888D91 /* main.m */,
			);
			name = "Supporting Files";
			sourceTree = "<group>";
		};
		C5CF86361ECD3D0F00888D91 /* ParkItForwardTests */ = {
			isa = PBXGroup;
			children = (
				C5CF86371ECD3D0F00888D91 /* ParkItForwardTests.m */,
				C5CF86391ECD3D0F00888D91 /* Info.plist */,
			);
			path = ParkItForwardTests;
			sourceTree = "<group>";
		};
		C5CF86411ECD3D0F00888D91 /* ParkItForwardUITests */ = {
			isa = PBXGroup;
			children = (
				C5CF86421ECD3D0F00888D91 /* ParkItForwardUITests.m */,
				C5CF86441ECD3D0F00888D91 /* Info.plist */,
			);
			path = ParkItForwardUITests;
			sourceTree = "<group>";
		};
		EC7EFD651ECDB13E00852D0D /* Models */ = {
			isa = PBXGroup;
			children = (
				EC7EFD661ECDB16900852D0D /* ParkingEventModel */,
				EC7EFD671ECDB16900852D0D /* UserModel */,
			);
			path = Models;
			sourceTree = "<group>";
		};
		EC7EFD661ECDB16900852D0D /* ParkingEventModel */ = {
			isa = PBXGroup;
			children = (
				EC7EFD681ECDB18900852D0D /* ParkingEventModel.h */,
				EC7EFD691ECDB18900852D0D /* ParkingEventModel.m */,
			);
			path = ParkingEventModel;
			sourceTree = "<group>";
		};
		EC7EFD671ECDB16900852D0D /* UserModel */ = {
			isa = PBXGroup;
			children = (
				EC7EFD6B1ECDB1A700852D0D /* UserModel.h */,
				EC7EFD6C1ECDB1A700852D0D /* UserModel.m */,
			);
			path = UserModel;
			sourceTree = "<group>";
		};
		EC7EFD6E1ECDB8D000852D0D /* Managers */ = {
			isa = PBXGroup;
			children = (
				EC7EFD6F1ECDB8E000852D0D /* Network */,
			);
			path = Managers;
			sourceTree = "<group>";
		};
		EC7EFD6F1ECDB8E000852D0D /* Network */ = {
			isa = PBXGroup;
			children = (
				EC7EFD731ECDBBD300852D0D /* DataProvider.h */,
				EC7EFD741ECDBBD300852D0D /* DataProvider.m */,
			);
			path = Network;
			sourceTree = "<group>";
		};
/* End PBXGroup section */

/* Begin PBXNativeTarget section */
		C5CF86191ECD3D0F00888D91 /* ParkItForward */ = {
			isa = PBXNativeTarget;
			buildConfigurationList = C5CF86471ECD3D0F00888D91 /* Build configuration list for PBXNativeTarget "ParkItForward" */;
			buildPhases = (
				DBE1B5D45159C85AB7EECD7A /* [CP] Check Pods Manifest.lock */,
				C5CF86161ECD3D0F00888D91 /* Sources */,
				C5CF86171ECD3D0F00888D91 /* Frameworks */,
				C5CF86181ECD3D0F00888D91 /* Resources */,
				2F0DF11FB8AA5C0DD1900802 /* [CP] Embed Pods Frameworks */,
				5BF5D84A07EF7B7CE5B1246C /* [CP] Copy Pods Resources */,
			);
			buildRules = (
			);
			dependencies = (
			);
			name = ParkItForward;
			productName = ParkItForward;
			productReference = C5CF861A1ECD3D0F00888D91 /* ParkItForward.app */;
			productType = "com.apple.product-type.application";
		};
		C5CF86321ECD3D0F00888D91 /* ParkItForwardTests */ = {
			isa = PBXNativeTarget;
			buildConfigurationList = C5CF864A1ECD3D0F00888D91 /* Build configuration list for PBXNativeTarget "ParkItForwardTests" */;
			buildPhases = (
				C5CF862F1ECD3D0F00888D91 /* Sources */,
				C5CF86301ECD3D0F00888D91 /* Frameworks */,
				C5CF86311ECD3D0F00888D91 /* Resources */,
			);
			buildRules = (
			);
			dependencies = (
				C5CF86351ECD3D0F00888D91 /* PBXTargetDependency */,
			);
			name = ParkItForwardTests;
			productName = ParkItForwardTests;
			productReference = C5CF86331ECD3D0F00888D91 /* ParkItForwardTests.xctest */;
			productType = "com.apple.product-type.bundle.unit-test";
		};
		C5CF863D1ECD3D0F00888D91 /* ParkItForwardUITests */ = {
			isa = PBXNativeTarget;
			buildConfigurationList = C5CF864D1ECD3D0F00888D91 /* Build configuration list for PBXNativeTarget "ParkItForwardUITests" */;
			buildPhases = (
				C5CF863A1ECD3D0F00888D91 /* Sources */,
				C5CF863B1ECD3D0F00888D91 /* Frameworks */,
				C5CF863C1ECD3D0F00888D91 /* Resources */,
			);
			buildRules = (
			);
			dependencies = (
				C5CF86401ECD3D0F00888D91 /* PBXTargetDependency */,
			);
			name = ParkItForwardUITests;
			productName = ParkItForwardUITests;
			productReference = C5CF863E1ECD3D0F00888D91 /* ParkItForwardUITests.xctest */;
			productType = "com.apple.product-type.bundle.ui-testing";
		};
/* End PBXNativeTarget section */

/* Begin PBXProject section */
		C5CF86121ECD3D0F00888D91 /* Project object */ = {
			isa = PBXProject;
			attributes = {
				LastUpgradeCheck = 0830;
				ORGANIZATIONNAME = FoxSports;
				TargetAttributes = {
					C5CF86191ECD3D0F00888D91 = {
						CreatedOnToolsVersion = 8.3.2;
						ProvisioningStyle = Automatic;
					};
					C5CF86321ECD3D0F00888D91 = {
						CreatedOnToolsVersion = 8.3.2;
						ProvisioningStyle = Automatic;
						TestTargetID = C5CF86191ECD3D0F00888D91;
					};
					C5CF863D1ECD3D0F00888D91 = {
						CreatedOnToolsVersion = 8.3.2;
						ProvisioningStyle = Automatic;
						TestTargetID = C5CF86191ECD3D0F00888D91;
					};
				};
			};
			buildConfigurationList = C5CF86151ECD3D0F00888D91 /* Build configuration list for PBXProject "ParkItForward" */;
			compatibilityVersion = "Xcode 3.2";
			developmentRegion = English;
			hasScannedForEncodings = 0;
			knownRegions = (
				en,
				Base,
			);
			mainGroup = C5CF86111ECD3D0F00888D91;
			productRefGroup = C5CF861B1ECD3D0F00888D91 /* Products */;
			projectDirPath = "";
			projectRoot = "";
			targets = (
				C5CF86191ECD3D0F00888D91 /* ParkItForward */,
				C5CF86321ECD3D0F00888D91 /* ParkItForwardTests */,
				C5CF863D1ECD3D0F00888D91 /* ParkItForwardUITests */,
			);
		};
/* End PBXProject section */

/* Begin PBXResourcesBuildPhase section */
		C5CF86181ECD3D0F00888D91 /* Resources */ = {
			isa = PBXResourcesBuildPhase;
			buildActionMask = 2147483647;
			files = (
				44859B231ECD5F5F00C7DB80 /* TodayViewController.xib in Resources */,
				44859B1D1ECD5EE300C7DB80 /* TodayNavigationViewController.xib in Resources */,
				44859B051ECD4E7400C7DB80 /* CalendarViewController.xib in Resources */,
				44859AFF1ECD48C500C7DB80 /* LogInViewController.xib in Resources */,
				C5CF862D1ECD3D0F00888D91 /* LaunchScreen.storyboard in Resources */,
				44859B111ECD4EB600C7DB80 /* RegistrationViewController.xib in Resources */,
				C55A08F21ECD702500EA09E3 /* TodayCell.xib in Resources */,
				44859B0B1ECD4E9500C7DB80 /* ConfirmationViewController.xib in Resources */,
				C5CF862A1ECD3D0F00888D91 /* Assets.xcassets in Resources */,
			);
			runOnlyForDeploymentPostprocessing = 0;
		};
		C5CF86311ECD3D0F00888D91 /* Resources */ = {
			isa = PBXResourcesBuildPhase;
			buildActionMask = 2147483647;
			files = (
			);
			runOnlyForDeploymentPostprocessing = 0;
		};
		C5CF863C1ECD3D0F00888D91 /* Resources */ = {
			isa = PBXResourcesBuildPhase;
			buildActionMask = 2147483647;
			files = (
			);
			runOnlyForDeploymentPostprocessing = 0;
		};
/* End PBXResourcesBuildPhase section */

/* Begin PBXShellScriptBuildPhase section */
		2F0DF11FB8AA5C0DD1900802 /* [CP] Embed Pods Frameworks */ = {
			isa = PBXShellScriptBuildPhase;
			buildActionMask = 2147483647;
			files = (
			);
			inputPaths = (
			);
			name = "[CP] Embed Pods Frameworks";
			outputPaths = (
			);
			runOnlyForDeploymentPostprocessing = 0;
			shellPath = /bin/sh;
			shellScript = "\"${SRCROOT}/Pods/Target Support Files/Pods-ParkItForward/Pods-ParkItForward-frameworks.sh\"\n";
			showEnvVarsInLog = 0;
		};
		5BF5D84A07EF7B7CE5B1246C /* [CP] Copy Pods Resources */ = {
			isa = PBXShellScriptBuildPhase;
			buildActionMask = 2147483647;
			files = (
			);
			inputPaths = (
			);
			name = "[CP] Copy Pods Resources";
			outputPaths = (
			);
			runOnlyForDeploymentPostprocessing = 0;
			shellPath = /bin/sh;
			shellScript = "\"${SRCROOT}/Pods/Target Support Files/Pods-ParkItForward/Pods-ParkItForward-resources.sh\"\n";
			showEnvVarsInLog = 0;
		};
		DBE1B5D45159C85AB7EECD7A /* [CP] Check Pods Manifest.lock */ = {
			isa = PBXShellScriptBuildPhase;
			buildActionMask = 2147483647;
			files = (
			);
			inputPaths = (
			);
			name = "[CP] Check Pods Manifest.lock";
			outputPaths = (
			);
			runOnlyForDeploymentPostprocessing = 0;
			shellPath = /bin/sh;
			shellScript = "diff \"${PODS_ROOT}/../Podfile.lock\" \"${PODS_ROOT}/Manifest.lock\" > /dev/null\nif [ $? != 0 ] ; then\n    # print error to STDERR\n    echo \"error: The sandbox is not in sync with the Podfile.lock. Run 'pod install' or update your CocoaPods installation.\" >&2\n    exit 1\nfi\n";
			showEnvVarsInLog = 0;
		};
/* End PBXShellScriptBuildPhase section */

/* Begin PBXSourcesBuildPhase section */
		C5CF86161ECD3D0F00888D91 /* Sources */ = {
			isa = PBXSourcesBuildPhase;
			buildActionMask = 2147483647;
			files = (
				EC7EFD751ECDBBD300852D0D /* DataProvider.m in Sources */,
				EC7EFD6A1ECDB18900852D0D /* ParkingEventModel.m in Sources */,
				44859B221ECD5F5F00C7DB80 /* TodayViewController.m in Sources */,
				EC7EFD6D1ECDB1A700852D0D /* UserModel.m in Sources */,
				44859AFE1ECD48C500C7DB80 /* LogInViewController.m in Sources */,
				44859B0A1ECD4E9500C7DB80 /* ConfirmationViewController.m in Sources */,
				C55A08F11ECD702500EA09E3 /* TodayCell.m in Sources */,
				44859B1C1ECD5EE300C7DB80 /* TodayNavigationViewController.m in Sources */,
				C5CF86251ECD3D0F00888D91 /* ViewController.m in Sources */,
				C5CF86221ECD3D0F00888D91 /* AppDelegate.m in Sources */,
				44859B041ECD4E7400C7DB80 /* CalendarViewController.m in Sources */,
				C5CF861F1ECD3D0F00888D91 /* main.m in Sources */,
				44859B101ECD4EB600C7DB80 /* RegistrationViewController.m in Sources */,
			);
			runOnlyForDeploymentPostprocessing = 0;
		};
		C5CF862F1ECD3D0F00888D91 /* Sources */ = {
			isa = PBXSourcesBuildPhase;
			buildActionMask = 2147483647;
			files = (
				C5CF86381ECD3D0F00888D91 /* ParkItForwardTests.m in Sources */,
			);
			runOnlyForDeploymentPostprocessing = 0;
		};
		C5CF863A1ECD3D0F00888D91 /* Sources */ = {
			isa = PBXSourcesBuildPhase;
			buildActionMask = 2147483647;
			files = (
				C5CF86431ECD3D0F00888D91 /* ParkItForwardUITests.m in Sources */,
			);
			runOnlyForDeploymentPostprocessing = 0;
		};
/* End PBXSourcesBuildPhase section */

/* Begin PBXTargetDependency section */
		C5CF86351ECD3D0F00888D91 /* PBXTargetDependency */ = {
			isa = PBXTargetDependency;
			target = C5CF86191ECD3D0F00888D91 /* ParkItForward */;
			targetProxy = C5CF86341ECD3D0F00888D91 /* PBXContainerItemProxy */;
		};
		C5CF86401ECD3D0F00888D91 /* PBXTargetDependency */ = {
			isa = PBXTargetDependency;
			target = C5CF86191ECD3D0F00888D91 /* ParkItForward */;
			targetProxy = C5CF863F1ECD3D0F00888D91 /* PBXContainerItemProxy */;
		};
/* End PBXTargetDependency section */

/* Begin PBXVariantGroup section */
		C5CF862B1ECD3D0F00888D91 /* LaunchScreen.storyboard */ = {
			isa = PBXVariantGroup;
			children = (
				C5CF862C1ECD3D0F00888D91 /* Base */,
			);
			name = LaunchScreen.storyboard;
			sourceTree = "<group>";
		};
/* End PBXVariantGroup section */

/* Begin XCBuildConfiguration section */
		C5CF86451ECD3D0F00888D91 /* Debug */ = {
			isa = XCBuildConfiguration;
			buildSettings = {
				ALWAYS_SEARCH_USER_PATHS = NO;
				CLANG_ANALYZER_NONNULL = YES;
				CLANG_ANALYZER_NUMBER_OBJECT_CONVERSION = YES_AGGRESSIVE;
				CLANG_CXX_LANGUAGE_STANDARD = "gnu++0x";
				CLANG_CXX_LIBRARY = "libc++";
				CLANG_ENABLE_MODULES = YES;
				CLANG_ENABLE_OBJC_ARC = YES;
				CLANG_WARN_BOOL_CONVERSION = YES;
				CLANG_WARN_CONSTANT_CONVERSION = YES;
				CLANG_WARN_DIRECT_OBJC_ISA_USAGE = YES_ERROR;
				CLANG_WARN_DOCUMENTATION_COMMENTS = YES;
				CLANG_WARN_EMPTY_BODY = YES;
				CLANG_WARN_ENUM_CONVERSION = YES;
				CLANG_WARN_INFINITE_RECURSION = YES;
				CLANG_WARN_INT_CONVERSION = YES;
				CLANG_WARN_OBJC_ROOT_CLASS = YES_ERROR;
				CLANG_WARN_SUSPICIOUS_MOVE = YES;
				CLANG_WARN_UNREACHABLE_CODE = YES;
				CLANG_WARN__DUPLICATE_METHOD_MATCH = YES;
				"CODE_SIGN_IDENTITY[sdk=iphoneos*]" = "iPhone Developer";
				COPY_PHASE_STRIP = NO;
				DEBUG_INFORMATION_FORMAT = dwarf;
				ENABLE_STRICT_OBJC_MSGSEND = YES;
				ENABLE_TESTABILITY = YES;
				GCC_C_LANGUAGE_STANDARD = gnu99;
				GCC_DYNAMIC_NO_PIC = NO;
				GCC_NO_COMMON_BLOCKS = YES;
				GCC_OPTIMIZATION_LEVEL = 0;
				GCC_PREPROCESSOR_DEFINITIONS = (
					"DEBUG=1",
					"$(inherited)",
				);
				GCC_WARN_64_TO_32_BIT_CONVERSION = YES;
				GCC_WARN_ABOUT_RETURN_TYPE = YES_ERROR;
				GCC_WARN_UNDECLARED_SELECTOR = YES;
				GCC_WARN_UNINITIALIZED_AUTOS = YES_AGGRESSIVE;
				GCC_WARN_UNUSED_FUNCTION = YES;
				GCC_WARN_UNUSED_VARIABLE = YES;
				IPHONEOS_DEPLOYMENT_TARGET = 10.3;
				MTL_ENABLE_DEBUG_INFO = YES;
				ONLY_ACTIVE_ARCH = YES;
				SDKROOT = iphoneos;
			};
			name = Debug;
		};
		C5CF86461ECD3D0F00888D91 /* Release */ = {
			isa = XCBuildConfiguration;
			buildSettings = {
				ALWAYS_SEARCH_USER_PATHS = NO;
				CLANG_ANALYZER_NONNULL = YES;
				CLANG_ANALYZER_NUMBER_OBJECT_CONVERSION = YES_AGGRESSIVE;
				CLANG_CXX_LANGUAGE_STANDARD = "gnu++0x";
				CLANG_CXX_LIBRARY = "libc++";
				CLANG_ENABLE_MODULES = YES;
				CLANG_ENABLE_OBJC_ARC = YES;
				CLANG_WARN_BOOL_CONVERSION = YES;
				CLANG_WARN_CONSTANT_CONVERSION = YES;
				CLANG_WARN_DIRECT_OBJC_ISA_USAGE = YES_ERROR;
				CLANG_WARN_DOCUMENTATION_COMMENTS = YES;
				CLANG_WARN_EMPTY_BODY = YES;
				CLANG_WARN_ENUM_CONVERSION = YES;
				CLANG_WARN_INFINITE_RECURSION = YES;
				CLANG_WARN_INT_CONVERSION = YES;
				CLANG_WARN_OBJC_ROOT_CLASS = YES_ERROR;
				CLANG_WARN_SUSPICIOUS_MOVE = YES;
				CLANG_WARN_UNREACHABLE_CODE = YES;
				CLANG_WARN__DUPLICATE_METHOD_MATCH = YES;
				"CODE_SIGN_IDENTITY[sdk=iphoneos*]" = "iPhone Developer";
				COPY_PHASE_STRIP = NO;
				DEBUG_INFORMATION_FORMAT = "dwarf-with-dsym";
				ENABLE_NS_ASSERTIONS = NO;
				ENABLE_STRICT_OBJC_MSGSEND = YES;
				GCC_C_LANGUAGE_STANDARD = gnu99;
				GCC_NO_COMMON_BLOCKS = YES;
				GCC_WARN_64_TO_32_BIT_CONVERSION = YES;
				GCC_WARN_ABOUT_RETURN_TYPE = YES_ERROR;
				GCC_WARN_UNDECLARED_SELECTOR = YES;
				GCC_WARN_UNINITIALIZED_AUTOS = YES_AGGRESSIVE;
				GCC_WARN_UNUSED_FUNCTION = YES;
				GCC_WARN_UNUSED_VARIABLE = YES;
				IPHONEOS_DEPLOYMENT_TARGET = 10.3;
				MTL_ENABLE_DEBUG_INFO = NO;
				SDKROOT = iphoneos;
				VALIDATE_PRODUCT = YES;
			};
			name = Release;
		};
		C5CF86481ECD3D0F00888D91 /* Debug */ = {
			isa = XCBuildConfiguration;
			baseConfigurationReference = A3D3C978B4147E192738F787 /* Pods-ParkItForward.debug.xcconfig */;
			buildSettings = {
				ASSETCATALOG_COMPILER_APPICON_NAME = AppIcon;
				INFOPLIST_FILE = ParkItForward/Info.plist;
				LD_RUNPATH_SEARCH_PATHS = "$(inherited) @executable_path/Frameworks";
				PRODUCT_BUNDLE_IDENTIFIER = au.sports.fox.ParkItForward;
				PRODUCT_NAME = "$(TARGET_NAME)";
			};
			name = Debug;
		};
		C5CF86491ECD3D0F00888D91 /* Release */ = {
			isa = XCBuildConfiguration;
			baseConfigurationReference = 04E970432C10C491132BCFAB /* Pods-ParkItForward.release.xcconfig */;
			buildSettings = {
				ASSETCATALOG_COMPILER_APPICON_NAME = AppIcon;
				INFOPLIST_FILE = ParkItForward/Info.plist;
				LD_RUNPATH_SEARCH_PATHS = "$(inherited) @executable_path/Frameworks";
				PRODUCT_BUNDLE_IDENTIFIER = au.sports.fox.ParkItForward;
				PRODUCT_NAME = "$(TARGET_NAME)";
			};
			name = Release;
		};
		C5CF864B1ECD3D0F00888D91 /* Debug */ = {
			isa = XCBuildConfiguration;
			buildSettings = {
				BUNDLE_LOADER = "$(TEST_HOST)";
				INFOPLIST_FILE = ParkItForwardTests/Info.plist;
				LD_RUNPATH_SEARCH_PATHS = "$(inherited) @executable_path/Frameworks @loader_path/Frameworks";
				PRODUCT_BUNDLE_IDENTIFIER = au.sports.fox.ParkItForwardTests;
				PRODUCT_NAME = "$(TARGET_NAME)";
				TEST_HOST = "$(BUILT_PRODUCTS_DIR)/ParkItForward.app/ParkItForward";
			};
			name = Debug;
		};
		C5CF864C1ECD3D0F00888D91 /* Release */ = {
			isa = XCBuildConfiguration;
			buildSettings = {
				BUNDLE_LOADER = "$(TEST_HOST)";
				INFOPLIST_FILE = ParkItForwardTests/Info.plist;
				LD_RUNPATH_SEARCH_PATHS = "$(inherited) @executable_path/Frameworks @loader_path/Frameworks";
				PRODUCT_BUNDLE_IDENTIFIER = au.sports.fox.ParkItForwardTests;
				PRODUCT_NAME = "$(TARGET_NAME)";
				TEST_HOST = "$(BUILT_PRODUCTS_DIR)/ParkItForward.app/ParkItForward";
			};
			name = Release;
		};
		C5CF864E1ECD3D0F00888D91 /* Debug */ = {
			isa = XCBuildConfiguration;
			buildSettings = {
				INFOPLIST_FILE = ParkItForwardUITests/Info.plist;
				LD_RUNPATH_SEARCH_PATHS = "$(inherited) @executable_path/Frameworks @loader_path/Frameworks";
				PRODUCT_BUNDLE_IDENTIFIER = au.sports.fox.ParkItForwardUITests;
				PRODUCT_NAME = "$(TARGET_NAME)";
				TEST_TARGET_NAME = ParkItForward;
			};
			name = Debug;
		};
		C5CF864F1ECD3D0F00888D91 /* Release */ = {
			isa = XCBuildConfiguration;
			buildSettings = {
				INFOPLIST_FILE = ParkItForwardUITests/Info.plist;
				LD_RUNPATH_SEARCH_PATHS = "$(inherited) @executable_path/Frameworks @loader_path/Frameworks";
				PRODUCT_BUNDLE_IDENTIFIER = au.sports.fox.ParkItForwardUITests;
				PRODUCT_NAME = "$(TARGET_NAME)";
				TEST_TARGET_NAME = ParkItForward;
			};
			name = Release;
		};
/* End XCBuildConfiguration section */

/* Begin XCConfigurationList section */
		C5CF86151ECD3D0F00888D91 /* Build configuration list for PBXProject "ParkItForward" */ = {
			isa = XCConfigurationList;
			buildConfigurations = (
				C5CF86451ECD3D0F00888D91 /* Debug */,
				C5CF86461ECD3D0F00888D91 /* Release */,
			);
			defaultConfigurationIsVisible = 0;
			defaultConfigurationName = Release;
		};
		C5CF86471ECD3D0F00888D91 /* Build configuration list for PBXNativeTarget "ParkItForward" */ = {
			isa = XCConfigurationList;
			buildConfigurations = (
				C5CF86481ECD3D0F00888D91 /* Debug */,
				C5CF86491ECD3D0F00888D91 /* Release */,
			);
			defaultConfigurationIsVisible = 0;
			defaultConfigurationName = Release;
		};
		C5CF864A1ECD3D0F00888D91 /* Build configuration list for PBXNativeTarget "ParkItForwardTests" */ = {
			isa = XCConfigurationList;
			buildConfigurations = (
				C5CF864B1ECD3D0F00888D91 /* Debug */,
				C5CF864C1ECD3D0F00888D91 /* Release */,
			);
			defaultConfigurationIsVisible = 0;
			defaultConfigurationName = Release;
		};
		C5CF864D1ECD3D0F00888D91 /* Build configuration list for PBXNativeTarget "ParkItForwardUITests" */ = {
			isa = XCConfigurationList;
			buildConfigurations = (
				C5CF864E1ECD3D0F00888D91 /* Debug */,
				C5CF864F1ECD3D0F00888D91 /* Release */,
			);
			defaultConfigurationIsVisible = 0;
			defaultConfigurationName = Release;
		};
/* End XCConfigurationList section */
	};
	rootObject = C5CF86121ECD3D0F00888D91 /* Project object */;
}
